<?xml version="1.0" encoding="utf-8"?>
<Project ToolsVersion="4.0" xmlns="http://schemas.microsoft.com/developer/msbuild/2003">
  <ItemGroup>
    <Filter Include="MiniGames">
      <UniqueIdentifier>{f34ede5d-14d0-483f-b7e9-8ebfd615e097}</UniqueIdentifier>
    </Filter>
  </ItemGroup>
  <ItemGroup>
    <ClInclude Include="minigame.h" />
    <ClInclude Include="minigameFactory.h" />
    <ClInclude Include="blackjack.h">
      <Filter>MiniGames</Filter>
    </ClInclude>
    <ClInclude Include="dodgeMissile.h">
      <Filter>MiniGames</Filter>
    </ClInclude>
  </ItemGroup>
  <ItemGroup>
    <ClCompile Include="minigame.cpp" />
    <ClCompile Include="minigameFactory.cpp" />
    <ClCompile Include="blackjack.cpp">
      <Filter>MiniGames</Filter>
    </ClCompile>
    <ClCompile Include="dodgeMissile.cpp">
      <Filter>MiniGames</Filter>
    </ClCompile>
    <ClCompile Include="main.cpp" />
  </ItemGroup>
</Project>