<?xml version="1.0" encoding="utf-8"?>
<Project ToolsVersion="4.0" xmlns="http://schemas.microsoft.com/developer/msbuild/2003">
  <ItemGroup>
    <ClCompile Include="pch.cpp" />
    <ClCompile Include="utils.cpp" />
  </ItemGroup>
  <ItemGroup>
    <ClInclude Include="pch.h" />
    <ClInclude Include="macro.h" />
    <ClInclude Include="utils.h" />
    <ClInclude Include="packetBase.h" />
    <ClInclude Include="packet.h" />
    <ClInclude Include="protocol.h" />
  </ItemGroup>
</Project>